
Microsoft Visual Studio Solution File, Format Version 12.00
# Visual Studio Version 17
VisualStudioVersion = 17.12.35707.178
MinimumVisualStudioVersion = 10.0.40219.1
Project("{2150E333-8FDC-42A3-9474-1A3956D46DE8}") = "src", "src", "{2C7029EA-AF5D-404F-8F73-FA70F8D55743}"
EndProject
Project("{2150E333-8FDC-42A3-9474-1A3956D46DE8}") = "01-Domain", "01-Domain", "{DE6999EC-531E-446B-B444-865D4F98E53D}"
EndProject
Project("{2150E333-8FDC-42A3-9474-1A3956D46DE8}") = "02-InfraStructures", "02-InfraStructures", "{B40C328D-193E-4548-AB94-A57585A0F062}"
EndProject
Project("{2150E333-8FDC-42A3-9474-1A3956D46DE8}") = "03-EndPoints", "03-EndPoints", "{22555D14-B7BD-437C-A82C-F7A4292EBB33}"
EndProject
Project("{2150E333-8FDC-42A3-9474-1A3956D46DE8}") = "Core", "Core", "{256947E2-6E1D-483B-9CF2-6809E129EE67}"
EndProject
Project("{2150E333-8FDC-42A3-9474-1A3956D46DE8}") = "Services", "Services", "{D11AB9BD-3ABE-4B7D-B3D6-BB82251F4441}"
EndProject
Project("{2150E333-8FDC-42A3-9474-1A3956D46DE8}") = "Service", "Service", "{1F32269C-DF34-4B07-B7BF-9A8F6A97B105}"
EndProject
Project("{2150E333-8FDC-42A3-9474-1A3956D46DE8}") = "AppService", "AppService", "{5139C815-4008-43E5-BD9E-E186DE0C4E16}"
EndProject
Project("{FAE04EC0-301F-11D3-BF4B-00C04F79EFBC}") = "Domain.Core", "Domain.Core\Domain.Core.csproj", "{FBBB1760-475D-4C63-B643-29B03148D744}"
EndProject
Project("{FAE04EC0-301F-11D3-BF4B-00C04F79EFBC}") = "Domain.AppService", "Domain.AppService\Domain.AppService.csproj", "{99EBA74A-3F9B-46EF-BE34-6D4B10452061}"
EndProject
Project("{FAE04EC0-301F-11D3-BF4B-00C04F79EFBC}") = "Domain.Service", "Domain.Service\Domain.Service.csproj", "{934350B7-432B-4D0D-88A0-15F20E6E9FAE}"
EndProject
Project("{FAE04EC0-301F-11D3-BF4B-00C04F79EFBC}") = "Infra.db", "Infra.db\Infra.db.csproj", "{041A4269-E36F-46FF-862E-5C3A9F4A647A}"
EndProject
Project("{FAE04EC0-301F-11D3-BF4B-00C04F79EFBC}") = "EndPoint.MVC", "EndPoint.MVC\EndPoint.MVC.csproj", "{4C015356-8A03-46A8-9B77-5C81DF343603}"
EndProject
Global
	GlobalSection(SolutionConfigurationPlatforms) = preSolution
		Debug|Any CPU = Debug|Any CPU
		Release|Any CPU = Release|Any CPU
	EndGlobalSection
	GlobalSection(ProjectConfigurationPlatforms) = postSolution
		{FBBB1760-475D-4C63-B643-29B03148D744}.Debug|Any CPU.ActiveCfg = Debug|Any CPU
		{FBBB1760-475D-4C63-B643-29B03148D744}.Debug|Any CPU.Build.0 = Debug|Any CPU
		{FBBB1760-475D-4C63-B643-29B03148D744}.Release|Any CPU.ActiveCfg = Release|Any CPU
		{FBBB1760-475D-4C63-B643-29B03148D744}.Release|Any CPU.Build.0 = Release|Any CPU
		{99EBA74A-3F9B-46EF-BE34-6D4B10452061}.Debug|Any CPU.ActiveCfg = Debug|Any CPU
		{99EBA74A-3F9B-46EF-BE34-6D4B10452061}.Debug|Any CPU.Build.0 = Debug|Any CPU
		{99EBA74A-3F9B-46EF-BE34-6D4B10452061}.Release|Any CPU.ActiveCfg = Release|Any CPU
		{99EBA74A-3F9B-46EF-BE34-6D4B10452061}.Release|Any CPU.Build.0 = Release|Any CPU
		{934350B7-432B-4D0D-88A0-15F20E6E9FAE}.Debug|Any CPU.ActiveCfg = Debug|Any CPU
		{934350B7-432B-4D0D-88A0-15F20E6E9FAE}.Debug|Any CPU.Build.0 = Debug|Any CPU
		{934350B7-432B-4D0D-88A0-15F20E6E9FAE}.Release|Any CPU.ActiveCfg = Release|Any CPU
		{934350B7-432B-4D0D-88A0-15F20E6E9FAE}.Release|Any CPU.Build.0 = Release|Any CPU
		{041A4269-E36F-46FF-862E-5C3A9F4A647A}.Debug|Any CPU.ActiveCfg = Debug|Any CPU
		{041A4269-E36F-46FF-862E-5C3A9F4A647A}.Debug|Any CPU.Build.0 = Debug|Any CPU
		{041A4269-E36F-46FF-862E-5C3A9F4A647A}.Release|Any CPU.ActiveCfg = Release|Any CPU
		{041A4269-E36F-46FF-862E-5C3A9F4A647A}.Release|Any CPU.Build.0 = Release|Any CPU
		{4C015356-8A03-46A8-9B77-5C81DF343603}.Debug|Any CPU.ActiveCfg = Debug|Any CPU
		{4C015356-8A03-46A8-9B77-5C81DF343603}.Debug|Any CPU.Build.0 = Debug|Any CPU
		{4C015356-8A03-46A8-9B77-5C81DF343603}.Release|Any CPU.ActiveCfg = Release|Any CPU
		{4C015356-8A03-46A8-9B77-5C81DF343603}.Release|Any CPU.Build.0 = Release|Any CPU
	EndGlobalSection
	GlobalSection(SolutionProperties) = preSolution
		HideSolutionNode = FALSE
	EndGlobalSection
	GlobalSection(NestedProjects) = preSolution
		{DE6999EC-531E-446B-B444-865D4F98E53D} = {2C7029EA-AF5D-404F-8F73-FA70F8D55743}
		{B40C328D-193E-4548-AB94-A57585A0F062} = {2C7029EA-AF5D-404F-8F73-FA70F8D55743}
		{22555D14-B7BD-437C-A82C-F7A4292EBB33} = {2C7029EA-AF5D-404F-8F73-FA70F8D55743}
		{256947E2-6E1D-483B-9CF2-6809E129EE67} = {DE6999EC-531E-446B-B444-865D4F98E53D}
		{D11AB9BD-3ABE-4B7D-B3D6-BB82251F4441} = {DE6999EC-531E-446B-B444-865D4F98E53D}
		{1F32269C-DF34-4B07-B7BF-9A8F6A97B105} = {D11AB9BD-3ABE-4B7D-B3D6-BB82251F4441}
		{5139C815-4008-43E5-BD9E-E186DE0C4E16} = {D11AB9BD-3ABE-4B7D-B3D6-BB82251F4441}
		{FBBB1760-475D-4C63-B643-29B03148D744} = {256947E2-6E1D-483B-9CF2-6809E129EE67}
		{99EBA74A-3F9B-46EF-BE34-6D4B10452061} = {5139C815-4008-43E5-BD9E-E186DE0C4E16}
		{934350B7-432B-4D0D-88A0-15F20E6E9FAE} = {1F32269C-DF34-4B07-B7BF-9A8F6A97B105}
		{041A4269-E36F-46FF-862E-5C3A9F4A647A} = {B40C328D-193E-4548-AB94-A57585A0F062}
		{4C015356-8A03-46A8-9B77-5C81DF343603} = {22555D14-B7BD-437C-A82C-F7A4292EBB33}
	EndGlobalSection
EndGlobal
